
Microsoft Visual Studio Solution File, Format Version 12.00
# Visual Studio Version 16
VisualStudioVersion = 16.0.30128.74
MinimumVisualStudioVersion = 10.0.40219.1
Project("{FAE04EC0-301F-11D3-BF4B-00C04F79EFBC}") = "OA.WebApi", "OA.WebApi\OA.WebApi.csproj", "{8E039A7D-8AE8-4484-82D9-B762CA2E01C5}"
EndProject
Project("{FAE04EC0-301F-11D3-BF4B-00C04F79EFBC}") = "OA.Data", "OA.Data\OA.Data.csproj", "{363A17FC-3803-4CCD-9830-4C6C31CBEC1F}"
EndProject
Project("{FAE04EC0-301F-11D3-BF4B-00C04F79EFBC}") = "OA.Repo", "OA.Repo\OA.Repo.csproj", "{450879E2-F980-42DD-85B5-B4F62916FB90}"
EndProject
Project("{FAE04EC0-301F-11D3-BF4B-00C04F79EFBC}") = "OA.Service", "OA.Service\OA.Service.csproj", "{91A97544-F638-426C-97EF-99AC38269F07}"
EndProject
Global
	GlobalSection(SolutionConfigurationPlatforms) = preSolution
		Debug|Any CPU = Debug|Any CPU
		Release|Any CPU = Release|Any CPU
	EndGlobalSection
	GlobalSection(ProjectConfigurationPlatforms) = postSolution
		{8E039A7D-8AE8-4484-82D9-B762CA2E01C5}.Debug|Any CPU.ActiveCfg = Debug|Any CPU
		{8E039A7D-8AE8-4484-82D9-B762CA2E01C5}.Debug|Any CPU.Build.0 = Debug|Any CPU
		{8E039A7D-8AE8-4484-82D9-B762CA2E01C5}.Release|Any CPU.ActiveCfg = Release|Any CPU
		{8E039A7D-8AE8-4484-82D9-B762CA2E01C5}.Release|Any CPU.Build.0 = Release|Any CPU
		{363A17FC-3803-4CCD-9830-4C6C31CBEC1F}.Debug|Any CPU.ActiveCfg = Debug|Any CPU
		{363A17FC-3803-4CCD-9830-4C6C31CBEC1F}.Debug|Any CPU.Build.0 = Debug|Any CPU
		{363A17FC-3803-4CCD-9830-4C6C31CBEC1F}.Release|Any CPU.ActiveCfg = Release|Any CPU
		{363A17FC-3803-4CCD-9830-4C6C31CBEC1F}.Release|Any CPU.Build.0 = Release|Any CPU
		{450879E2-F980-42DD-85B5-B4F62916FB90}.Debug|Any CPU.ActiveCfg = Debug|Any CPU
		{450879E2-F980-42DD-85B5-B4F62916FB90}.Debug|Any CPU.Build.0 = Debug|Any CPU
		{450879E2-F980-42DD-85B5-B4F62916FB90}.Release|Any CPU.ActiveCfg = Release|Any CPU
		{450879E2-F980-42DD-85B5-B4F62916FB90}.Release|Any CPU.Build.0 = Release|Any CPU
		{91A97544-F638-426C-97EF-99AC38269F07}.Debug|Any CPU.ActiveCfg = Debug|Any CPU
		{91A97544-F638-426C-97EF-99AC38269F07}.Debug|Any CPU.Build.0 = Debug|Any CPU
		{91A97544-F638-426C-97EF-99AC38269F07}.Release|Any CPU.ActiveCfg = Release|Any CPU
		{91A97544-F638-426C-97EF-99AC38269F07}.Release|Any CPU.Build.0 = Release|Any CPU
	EndGlobalSection
	GlobalSection(SolutionProperties) = preSolution
		HideSolutionNode = FALSE
	EndGlobalSection
	GlobalSection(ExtensibilityGlobals) = postSolution
		SolutionGuid = {9EAE27A5-D598-4146-A0F2-D2620E6D387C}
	EndGlobalSection
EndGlobal
